
Microsoft Visual Studio Solution File, Format Version 12.00
Project("{FAE04EC0-301F-11D3-BF4B-00C04F79EFBC}") = "Tests", "Tests\Tests.csproj", "{3824CCD8-CC0D-4FF5-B0AB-685614BB40FC}"
EndProject
Project("{FAE04EC0-301F-11D3-BF4B-00C04F79EFBC}") = "ObjectExtensions", "ObjectExtensions\ObjectExtensions.csproj", "{2523123A-2916-4DD6-8160-16BC139BA4B5}"
EndProject
Project("{FAE04EC0-301F-11D3-BF4B-00C04F79EFBC}") = "Domain", "Domain\Domain.csproj", "{61276D23-96A9-4023-86F0-277B612FB97B}"
EndProject
Project("{FAE04EC0-301F-11D3-BF4B-00C04F79EFBC}") = "CommandLineUi", "CommandLineUi\CommandLineUi.csproj", "{1AF5F3EA-9C60-4CE7-B4DE-B39C70D6F3D7}"
EndProject
Project("{FAE04EC0-301F-11D3-BF4B-00C04F79EFBC}") = "EnumerableExtensions", "EnumerableExtensions\EnumerableExtensions.csproj", "{4D0DF343-24F4-48B0-90A1-56B318893DE2}"
EndProject
Project("{FAE04EC0-301F-11D3-BF4B-00C04F79EFBC}") = "NumberExtensions", "NumberExtensions\NumberExtensions.csproj", "{FD131C34-4AE0-4A66-9C5A-2200B7A76201}"
EndProject
Project("{2150E333-8FDC-42A3-9474-1A3956D46DE8}") = "Extensions", "Extensions", "{7B8C7F4F-C1B2-49AA-87DC-17B13FDAE6A5}"
EndProject
Project("{FAE04EC0-301F-11D3-BF4B-00C04F79EFBC}") = "TaskExtensions", "TaskExtensions\TaskExtensions.csproj", "{C8FE0A64-CE60-4353-9967-0C3A287CD466}"
EndProject
Project("{2150E333-8FDC-42A3-9474-1A3956D46DE8}") = "UserInterfaces", "UserInterfaces", "{73A663A9-3B6A-40A4-A14C-29525D963089}"
EndProject
Project("{FAE04EC0-301F-11D3-BF4B-00C04F79EFBC}") = "WebUi", "WebUi\WebUi.csproj", "{8AA0562D-1147-4A45-932E-9DBDACBAF74F}"
EndProject
Global
	GlobalSection(SolutionConfigurationPlatforms) = preSolution
		Debug|Any CPU = Debug|Any CPU
		Release|Any CPU = Release|Any CPU
	EndGlobalSection
	GlobalSection(ProjectConfigurationPlatforms) = postSolution
		{3824CCD8-CC0D-4FF5-B0AB-685614BB40FC}.Debug|Any CPU.ActiveCfg = Debug|Any CPU
		{3824CCD8-CC0D-4FF5-B0AB-685614BB40FC}.Debug|Any CPU.Build.0 = Debug|Any CPU
		{3824CCD8-CC0D-4FF5-B0AB-685614BB40FC}.Release|Any CPU.ActiveCfg = Release|Any CPU
		{3824CCD8-CC0D-4FF5-B0AB-685614BB40FC}.Release|Any CPU.Build.0 = Release|Any CPU
		{2523123A-2916-4DD6-8160-16BC139BA4B5}.Debug|Any CPU.ActiveCfg = Debug|Any CPU
		{2523123A-2916-4DD6-8160-16BC139BA4B5}.Debug|Any CPU.Build.0 = Debug|Any CPU
		{2523123A-2916-4DD6-8160-16BC139BA4B5}.Release|Any CPU.ActiveCfg = Release|Any CPU
		{2523123A-2916-4DD6-8160-16BC139BA4B5}.Release|Any CPU.Build.0 = Release|Any CPU
		{61276D23-96A9-4023-86F0-277B612FB97B}.Debug|Any CPU.ActiveCfg = Debug|Any CPU
		{61276D23-96A9-4023-86F0-277B612FB97B}.Debug|Any CPU.Build.0 = Debug|Any CPU
		{61276D23-96A9-4023-86F0-277B612FB97B}.Release|Any CPU.ActiveCfg = Release|Any CPU
		{61276D23-96A9-4023-86F0-277B612FB97B}.Release|Any CPU.Build.0 = Release|Any CPU
		{1AF5F3EA-9C60-4CE7-B4DE-B39C70D6F3D7}.Debug|Any CPU.ActiveCfg = Debug|Any CPU
		{1AF5F3EA-9C60-4CE7-B4DE-B39C70D6F3D7}.Debug|Any CPU.Build.0 = Debug|Any CPU
		{1AF5F3EA-9C60-4CE7-B4DE-B39C70D6F3D7}.Release|Any CPU.ActiveCfg = Release|Any CPU
		{1AF5F3EA-9C60-4CE7-B4DE-B39C70D6F3D7}.Release|Any CPU.Build.0 = Release|Any CPU
		{4D0DF343-24F4-48B0-90A1-56B318893DE2}.Debug|Any CPU.ActiveCfg = Debug|Any CPU
		{4D0DF343-24F4-48B0-90A1-56B318893DE2}.Debug|Any CPU.Build.0 = Debug|Any CPU
		{4D0DF343-24F4-48B0-90A1-56B318893DE2}.Release|Any CPU.ActiveCfg = Release|Any CPU
		{4D0DF343-24F4-48B0-90A1-56B318893DE2}.Release|Any CPU.Build.0 = Release|Any CPU
		{FD131C34-4AE0-4A66-9C5A-2200B7A76201}.Debug|Any CPU.ActiveCfg = Debug|Any CPU
		{FD131C34-4AE0-4A66-9C5A-2200B7A76201}.Debug|Any CPU.Build.0 = Debug|Any CPU
		{FD131C34-4AE0-4A66-9C5A-2200B7A76201}.Release|Any CPU.ActiveCfg = Release|Any CPU
		{FD131C34-4AE0-4A66-9C5A-2200B7A76201}.Release|Any CPU.Build.0 = Release|Any CPU
		{C8FE0A64-CE60-4353-9967-0C3A287CD466}.Debug|Any CPU.ActiveCfg = Debug|Any CPU
		{C8FE0A64-CE60-4353-9967-0C3A287CD466}.Debug|Any CPU.Build.0 = Debug|Any CPU
		{C8FE0A64-CE60-4353-9967-0C3A287CD466}.Release|Any CPU.ActiveCfg = Release|Any CPU
		{C8FE0A64-CE60-4353-9967-0C3A287CD466}.Release|Any CPU.Build.0 = Release|Any CPU
		{8AA0562D-1147-4A45-932E-9DBDACBAF74F}.Debug|Any CPU.ActiveCfg = Debug|Any CPU
		{8AA0562D-1147-4A45-932E-9DBDACBAF74F}.Debug|Any CPU.Build.0 = Debug|Any CPU
		{8AA0562D-1147-4A45-932E-9DBDACBAF74F}.Release|Any CPU.ActiveCfg = Release|Any CPU
		{8AA0562D-1147-4A45-932E-9DBDACBAF74F}.Release|Any CPU.Build.0 = Release|Any CPU
	EndGlobalSection
	GlobalSection(NestedProjects) = preSolution
		{4D0DF343-24F4-48B0-90A1-56B318893DE2} = {7B8C7F4F-C1B2-49AA-87DC-17B13FDAE6A5}
		{FD131C34-4AE0-4A66-9C5A-2200B7A76201} = {7B8C7F4F-C1B2-49AA-87DC-17B13FDAE6A5}
		{2523123A-2916-4DD6-8160-16BC139BA4B5} = {7B8C7F4F-C1B2-49AA-87DC-17B13FDAE6A5}
		{C8FE0A64-CE60-4353-9967-0C3A287CD466} = {7B8C7F4F-C1B2-49AA-87DC-17B13FDAE6A5}
		{1AF5F3EA-9C60-4CE7-B4DE-B39C70D6F3D7} = {73A663A9-3B6A-40A4-A14C-29525D963089}
		{8AA0562D-1147-4A45-932E-9DBDACBAF74F} = {73A663A9-3B6A-40A4-A14C-29525D963089}
	EndGlobalSection
EndGlobal
